lockfileVersion: 5.3

specifiers:
  '@types/node': ^16.4.10
  typescript: ^3.9.5

devDependencies:
  '@types/node': 16.4.10
  typescript: 3.9.5

packages:

  /@types/node/16.4.10:
    resolution: {integrity: sha512-TmVHsm43br64js9BqHWqiDZA+xMtbUpI1MBIA0EyiBmoV9pcEYFOSdj5fr6enZNfh4fChh+AGOLIzGwJnkshyQ==}
    dev: true

  /typescript/3.9.5:
    resolution: {integrity: sha512-hSAifV3k+i6lEoCJ2k6R2Z/rp/H3+8sdmcn5NrS3/3kE7+RyZXm9aqvxWqjEXHAd8b0pShatpcdMTvEdvAJltQ==}
    engines: {node: '>=4.2.0'}
    hasBin: true
    dev: true
